// !$*UTF8*$!
{
	archiveVersion = 1;
	classes = {
	};
	objectVersion = 46;
	objects = {
/* Begin PBXBuildFile section */
		0207DA581B56EA530066E2B4 /* Images.xcassets in Resources */ = {isa = PBXBuildFile; fileRef = 0207DA571B56EA530066E2B4 /* Images.xcassets */; };
		1D3623260D0F684500981E51 /* AppDelegate.m in Sources */ = {isa = PBXBuildFile; fileRef = 1D3623250D0F684500981E51 /* AppDelegate.m */; };
		1D60589B0D05DD56006BFB54 /* main.m in Sources */ = {isa = PBXBuildFile; fileRef = 29B97316FDCFA39411CA2CEA /* main.m */; };
		301BF552109A68D80062928A /* libCordova.a in Frameworks */ = {isa = PBXBuildFile; fileRef = 301BF535109A57CC0062928A /* libCordova.a */; };
		302D95F114D2391D003F00A1 /* MainViewController.m in Sources */ = {isa = PBXBuildFile; fileRef = 302D95EF14D2391D003F00A1 /* MainViewController.m */; };
		302D95F214D2391D003F00A1 /* MainViewController.xib in Resources */ = {isa = PBXBuildFile; fileRef = 302D95F014D2391D003F00A1 /* MainViewController.xib */; };
		3047A5121AB8059700498E2A /* build-debug.xcconfig in Resources */ = {isa = PBXBuildFile; fileRef = 3047A50F1AB8059700498E2A /* build-debug.xcconfig */; };
		3047A5131AB8059700498E2A /* build-release.xcconfig in Resources */ = {isa = PBXBuildFile; fileRef = 3047A5101AB8059700498E2A /* build-release.xcconfig */; };
		3047A5141AB8059700498E2A /* build.xcconfig in Resources */ = {isa = PBXBuildFile; fileRef = 3047A5111AB8059700498E2A /* build.xcconfig */; };
		6AFF5BF91D6E424B00AB3073 /* CDVLaunchScreen.storyboard in Resources */ = {isa = PBXBuildFile; fileRef = 6AFF5BF81D6E424B00AB3073 /* CDVLaunchScreen.storyboard */; };
		56729F28F34A495D8BB372AF /* CDVBattery.m in Sources */ = {isa = PBXBuildFile; fileRef = E66A33894ED54762B1C6622E /* CDVBattery.m */; };
		D5CF8070B97F44699C5252F0 /* UIImage+CropScaleOrientation.m in Sources */ = {isa = PBXBuildFile; fileRef = E9E86411EF5B427C8716F8E0 /* UIImage+CropScaleOrientation.m */; };
		45C245BEE6914FB49D55B476 /* CDVCamera.m in Sources */ = {isa = PBXBuildFile; fileRef = 5D43BC41E83945AD8212CBDB /* CDVCamera.m */; };
		AF0BF475078D4BA9A0E26D4E /* CDVJpegHeaderWriter.m in Sources */ = {isa = PBXBuildFile; fileRef = E77CC17AED90488B9E5A743B /* CDVJpegHeaderWriter.m */; };
		75328439DA6D4A0AAA9D7515 /* ImageIO.framework in Frameworks */ = {isa = PBXBuildFile; fileRef = 10FFAA2D5E4E45458D149D17 /* ImageIO.framework */; settings = {ATTRIBUTES = (Weak, ); }; };
		4A7363E7DFE342B6AD2B4271 /* CoreLocation.framework in Frameworks */ = {isa = PBXBuildFile; fileRef = DD08BE0EDEC3443F81490DBB /* CoreLocation.framework */; };
		7B56B86F889C47FAA0765932 /* AVFoundation.framework in Frameworks */ = {isa = PBXBuildFile; fileRef = 634CFA9E8CFE44C58323CEF3 /* AVFoundation.framework */; };
		539B6D9C37BD48F5AFE856FF /* CDVLogger.m in Sources */ = {isa = PBXBuildFile; fileRef = 0B4C0A2C55C24518BAB9C60F /* CDVLogger.m */; };
		CABDAD0D68BE4D3C8C9345C2 /* CDVContacts.m in Sources */ = {isa = PBXBuildFile; fileRef = 17B72ADD474F4B558E355D31 /* CDVContacts.m */; };
		500A8767E8B842E48265031D /* CDVContact.m in Sources */ = {isa = PBXBuildFile; fileRef = 162AF22E9BE5419D915B91A6 /* CDVContact.m */; };
		B3CD2D14566B4F559C8ACF96 /* AddressBook.framework in Frameworks */ = {isa = PBXBuildFile; fileRef = 93DF924CA3154B908FE3C993 /* AddressBook.framework */; settings = {ATTRIBUTES = (Weak, ); }; };
		52664E8A28414608BD37D3B0 /* AddressBookUI.framework in Frameworks */ = {isa = PBXBuildFile; fileRef = FA3CD1B1AA92462E8D99F2D2 /* AddressBookUI.framework */; settings = {ATTRIBUTES = (Weak, ); }; };
		8E8A0B4D3A14461A96F7E6F9 /* CDVDevice.m in Sources */ = {isa = PBXBuildFile; fileRef = 157C6FE07AEB4BA1B34A3A37 /* CDVDevice.m */; };
		6DD381F70D294DAD9A7EF49E /* libz.tbd in Frameworks */ = {isa = PBXBuildFile; fileRef = BE63E59A43CE4A149A742C04 /* libz.tbd */; };
		CB0EB41272274E028FE7C3F3 /* CDVAccelerometer.m in Sources */ = {isa = PBXBuildFile; fileRef = 58BD7824304C4C6699EAA550 /* CDVAccelerometer.m */; };
		5C4CC1D4232F44218C3B6208 /* CoreMotion.framework in Frameworks */ = {isa = PBXBuildFile; fileRef = 148DA930F4F548DAB0D68A72 /* CoreMotion.framework */; };
		192BECF31649460C943E4D0E /* CDVCompass.m in Sources */ = {isa = PBXBuildFile; fileRef = 057E613738D649D2BE52283C /* CDVCompass.m */; };
		0498EA9B39264942980CC7FA /* CDVNotification.m in Sources */ = {isa = PBXBuildFile; fileRef = 42E457B272F042F3B52E262F /* CDVNotification.m */; };
		6BDDB3C6F0954C969A64C09A /* CDVNotification.bundle in Resources */ = {isa = PBXBuildFile; fileRef = 297B5DA7BFD94E0695F85632 /* CDVNotification.bundle */; };
		65CDB696DB724D3F882D6359 /* AudioToolbox.framework in Frameworks */ = {isa = PBXBuildFile; fileRef = FB524FD131F54F88B4D433E5 /* AudioToolbox.framework */; settings = {ATTRIBUTES = (Weak, ); }; };
		6CA0A28C3A444CD798A16870 /* CDVFile.m in Sources */ = {isa = PBXBuildFile; fileRef = 848F48C195ED4487A7C22A8E /* CDVFile.m */; };
		F2100F095EC540D387EE31D4 /* CDVLocalFilesystem.m in Sources */ = {isa = PBXBuildFile; fileRef = 04AD3B5AB26D4A04996F5E6A /* CDVLocalFilesystem.m */; };
		229D1DF26C4243B8BEC23CF8 /* CDVAssetLibraryFilesystem.m in Sources */ = {isa = PBXBuildFile; fileRef = 39B7E599ED6E4741B9595752 /* CDVAssetLibraryFilesystem.m */; };
		7D7465A9CC06472B998F504D /* CDVFileTransfer.m in Sources */ = {isa = PBXBuildFile; fileRef = 84D0EA598A4A450AAC5CA697 /* CDVFileTransfer.m */; };
		81BB7A899B424DF5B139900A /* CDVLocation.m in Sources */ = {isa = PBXBuildFile; fileRef = B02D6712EF9D448289ED1E3E /* CDVLocation.m */; };
		AD23E9F452334AFDA2E0F9C2 /* CDVGlobalization.m in Sources */ = {isa = PBXBuildFile; fileRef = 4CCAA44F51B8497092EE73C3 /* CDVGlobalization.m */; };
		47CB344E1BFA4D8C9242D6C3 /* CDVInAppBrowser.m in Sources */ = {isa = PBXBuildFile; fileRef = 3846E16099F5462AA94CA03A /* CDVInAppBrowser.m */; };
		7483E3A554ED49FEBD7FBC10 /* CDVSound.m in Sources */ = {isa = PBXBuildFile; fileRef = AEF25CAADEC24DF8ACFCAF9A /* CDVSound.m */; };
		A824C737B0CA4C06A9EFA6D2 /* CDVCapture.m in Sources */ = {isa = PBXBuildFile; fileRef = 786DA36FE47546EA8BDA61A2 /* CDVCapture.m */; };
		DBC90B5B358547EDA84B34AC /* CDVCapture.bundle in Resources */ = {isa = PBXBuildFile; fileRef = D0FEB591D62C442696D836D4 /* CDVCapture.bundle */; };
		B87310ADF18A4D3480B9EFB2 /* CDVConnection.m in Sources */ = {isa = PBXBuildFile; fileRef = 71531B57A81F47B39C17A781 /* CDVConnection.m */; };
		6D402ED2B04D4BA89120951C /* CDVReachability.m in Sources */ = {isa = PBXBuildFile; fileRef = 7E5D4072122B4E4094888C78 /* CDVReachability.m */; };
		041A2719B2F040C5B65386E1 /* SystemConfiguration.framework in Frameworks */ = {isa = PBXBuildFile; fileRef = CE44AB45DA9A4D719E0AC6C5 /* SystemConfiguration.framework */; settings = {ATTRIBUTES = (Weak, ); }; };
		8C4D25A2EE004199B61D7A95 /* CoreTelephony.framework in Frameworks */ = {isa = PBXBuildFile; fileRef = D4BC08836428473D9ACF3C96 /* CoreTelephony.framework */; };
		6338CA43A149425788D59C83 /* CDVSplashScreen.m in Sources */ = {isa = PBXBuildFile; fileRef = A209A11299F84A5DA017C6C5 /* CDVSplashScreen.m */; };
		99A16CA72B6B47F381562455 /* CDVViewController+SplashScreen.m in Sources */ = {isa = PBXBuildFile; fileRef = 35D6F19C3F864A75A3A7C788 /* CDVViewController+SplashScreen.m */; };
		7DD8A9F133E04B749A76A1DB /* CDVStatusBar.m in Sources */ = {isa = PBXBuildFile; fileRef = BD2C44571024448284E24CB2 /* CDVStatusBar.m */; };
		EB172C17DDFB4848A8800F0C /* CDVVibration.m in Sources */ = {isa = PBXBuildFile; fileRef = 48E0338FC1864852BC2B0A1C /* CDVVibration.m */; };
/* End PBXBuildFile section */

/* Begin PBXContainerItemProxy section */
		301BF534109A57CC0062928A /* PBXContainerItemProxy */ = {
			isa = PBXContainerItemProxy;
			containerPortal = 301BF52D109A57CC0062928A /* CordovaLib.xcodeproj */;
			proxyType = 2;
			remoteGlobalIDString = D2AAC07E0554694100DB518D;
			remoteInfo = CordovaLib;
		};
		301BF550109A68C00062928A /* PBXContainerItemProxy */ = {
			isa = PBXContainerItemProxy;
			containerPortal = 301BF52D109A57CC0062928A /* CordovaLib.xcodeproj */;
			proxyType = 1;
			remoteGlobalIDString = D2AAC07D0554694100DB518D;
			remoteInfo = CordovaLib;
		};
/* End PBXContainerItemProxy section */

/* Begin PBXFileReference section */
		0207DA571B56EA530066E2B4 /* Images.xcassets */ = {isa = PBXFileReference; lastKnownFileType = folder.assetcatalog; name = Images.xcassets; path = "hush/Images.xcassets"; sourceTree = SOURCE_ROOT; };
		1D3623240D0F684500981E51 /* AppDelegate.h */ = {isa = PBXFileReference; fileEncoding = 4; lastKnownFileType = sourcecode.c.h; path = AppDelegate.h; sourceTree = "<group>"; };
		1D3623250D0F684500981E51 /* AppDelegate.m */ = {isa = PBXFileReference; fileEncoding = 4; lastKnownFileType = sourcecode.c.objc; path = AppDelegate.m; sourceTree = "<group>"; };
		1D6058910D05DD3D006BFB54 /* hush.app */ = {isa = PBXFileReference; explicitFileType = wrapper.application; includeInIndex = 0; path = "hush.app"; sourceTree = BUILT_PRODUCTS_DIR; };
		29B97316FDCFA39411CA2CEA /* main.m */ = {isa = PBXFileReference; fileEncoding = 4; lastKnownFileType = sourcecode.c.objc; path = main.m; sourceTree = "<group>"; };
		301BF52D109A57CC0062928A /* CordovaLib.xcodeproj */ = {isa = PBXFileReference; lastKnownFileType = "wrapper.pb-project"; path = CordovaLib/CordovaLib.xcodeproj; sourceTree = "<group>"; };
		301BF56E109A69640062928A /* www */ = {isa = PBXFileReference; lastKnownFileType = folder; path = www; sourceTree = SOURCE_ROOT; };
		302D95EE14D2391D003F00A1 /* MainViewController.h */ = {isa = PBXFileReference; fileEncoding = 4; lastKnownFileType = sourcecode.c.h; path = MainViewController.h; sourceTree = "<group>"; };
		302D95EF14D2391D003F00A1 /* MainViewController.m */ = {isa = PBXFileReference; fileEncoding = 4; lastKnownFileType = sourcecode.c.objc; path = MainViewController.m; sourceTree = "<group>"; };
		302D95F014D2391D003F00A1 /* MainViewController.xib */ = {isa = PBXFileReference; fileEncoding = 4; lastKnownFileType = file.xib; path = MainViewController.xib; sourceTree = "<group>"; };
		3047A50F1AB8059700498E2A /* build-debug.xcconfig */ = {isa = PBXFileReference; fileEncoding = 4; lastKnownFileType = text.xcconfig; name = "build-debug.xcconfig"; path = cordova/build-debug.xcconfig; sourceTree = SOURCE_ROOT; };
		3047A5101AB8059700498E2A /* build-release.xcconfig */ = {isa = PBXFileReference; fileEncoding = 4; lastKnownFileType = text.xcconfig; name = "build-release.xcconfig"; path = cordova/build-release.xcconfig; sourceTree = SOURCE_ROOT; };
		3047A5111AB8059700498E2A /* build.xcconfig */ = {isa = PBXFileReference; fileEncoding = 4; lastKnownFileType = text.xcconfig; name = build.xcconfig; path = cordova/build.xcconfig; sourceTree = SOURCE_ROOT; };
		32CA4F630368D1EE00C91783 /* hush-Prefix.pch */ = {isa = PBXFileReference; fileEncoding = 4; lastKnownFileType = sourcecode.c.h; path = "hush-Prefix.pch"; sourceTree = "<group>"; };
		6AFF5BF81D6E424B00AB3073 /* CDVLaunchScreen.storyboard */ = {isa = PBXFileReference; fileEncoding = 4; lastKnownFileType = file.storyboard; name = CDVLaunchScreen.storyboard; path = "hush/CDVLaunchScreen.storyboard"; sourceTree = SOURCE_ROOT; };
		8D1107310486CEB800E47090 /* hush-Info.plist */ = {isa = PBXFileReference; fileEncoding = 4; lastKnownFileType = text.plist.xml; name = "hush-Info.plist"; path = "hush/hush-Info.plist"; plistStructureDefinitionIdentifier = "com.apple.xcode.plist.structure-definition.iphone.info-plist"; sourceTree = SOURCE_ROOT; };
		EB87FDF31871DA8E0020F90C /* www */ = {isa = PBXFileReference; lastKnownFileType = folder; name = www; path = ../../www; sourceTree = "<group>"; };
		EB87FDF41871DAF40020F90C /* config.xml */ = {isa = PBXFileReference; lastKnownFileType = text.xml; name = config.xml; path = ../../config.xml; sourceTree = "<group>"; };
		F840E1F0165FE0F500CFE078 /* config.xml */ = {isa = PBXFileReference; lastKnownFileType = text.xml; name = config.xml; path = "hush/config.xml"; sourceTree = "<group>"; };
		ED33DF2A687741AEAF9F8254 /* Bridging-Header.h */ = {isa = PBXFileReference; fileEncoding = 4; lastKnownFileType = sourcecode.c.h; name = "Bridging-Header.h"; path = "Bridging-Header.h"; sourceTree = "<group>"; };
		E66A33894ED54762B1C6622E /* CDVBattery.m */ = {isa = PBXFileReference; name = "CDVBattery.m"; path = "cordova-plugin-battery-status/CDVBattery.m"; sourceTree = "<group>"; fileEncoding = 4; lastKnownFileType = sourcecode.c.objc; explicitFileType = undefined; includeInIndex = 0; };
		678807580BF24BE7A9C2B8E0 /* CDVBattery.h */ = {isa = PBXFileReference; name = "CDVBattery.h"; path = "cordova-plugin-battery-status/CDVBattery.h"; sourceTree = "<group>"; fileEncoding = 4; lastKnownFileType = sourcecode.c.h; explicitFileType = undefined; includeInIndex = 0; };
		E9E86411EF5B427C8716F8E0 /* UIImage+CropScaleOrientation.m */ = {isa = PBXFileReference; name = "UIImage+CropScaleOrientation.m"; path = "cordova-plugin-camera/UIImage+CropScaleOrientation.m"; sourceTree = "<group>"; fileEncoding = 4; lastKnownFileType = sourcecode.c.objc; explicitFileType = undefined; includeInIndex = 0; };
		5D43BC41E83945AD8212CBDB /* CDVCamera.m */ = {isa = PBXFileReference; name = "CDVCamera.m"; path = "cordova-plugin-camera/CDVCamera.m"; sourceTree = "<group>"; fileEncoding = 4; lastKnownFileType = sourcecode.c.objc; explicitFileType = undefined; includeInIndex = 0; };
		E77CC17AED90488B9E5A743B /* CDVJpegHeaderWriter.m */ = {isa = PBXFileReference; name = "CDVJpegHeaderWriter.m"; path = "cordova-plugin-camera/CDVJpegHeaderWriter.m"; sourceTree = "<group>"; fileEncoding = 4; lastKnownFileType = sourcecode.c.objc; explicitFileType = undefined; includeInIndex = 0; };
		CA764F5490404675861673D7 /* UIImage+CropScaleOrientation.h */ = {isa = PBXFileReference; name = "UIImage+CropScaleOrientation.h"; path = "cordova-plugin-camera/UIImage+CropScaleOrientation.h"; sourceTree = "<group>"; fileEncoding = 4; lastKnownFileType = sourcecode.c.h; explicitFileType = undefined; includeInIndex = 0; };
		E431D2F0F6554A729524EDC4 /* CDVCamera.h */ = {isa = PBXFileReference; name = "CDVCamera.h"; path = "cordova-plugin-camera/CDVCamera.h"; sourceTree = "<group>"; fileEncoding = 4; lastKnownFileType = sourcecode.c.h; explicitFileType = undefined; includeInIndex = 0; };
		ED95A3D199C34A1F82BFB86A /* CDVJpegHeaderWriter.h */ = {isa = PBXFileReference; name = "CDVJpegHeaderWriter.h"; path = "cordova-plugin-camera/CDVJpegHeaderWriter.h"; sourceTree = "<group>"; fileEncoding = 4; lastKnownFileType = sourcecode.c.h; explicitFileType = undefined; includeInIndex = 0; };
		3325BA24364F4EDB97F846C4 /* CDVExif.h */ = {isa = PBXFileReference; name = "CDVExif.h"; path = "cordova-plugin-camera/CDVExif.h"; sourceTree = "<group>"; fileEncoding = 4; lastKnownFileType = sourcecode.c.h; explicitFileType = undefined; includeInIndex = 0; };
		10FFAA2D5E4E45458D149D17 /* ImageIO.framework */ = {isa = PBXFileReference; name = "ImageIO.framework"; path = "System/Library/Frameworks/ImageIO.framework"; sourceTree = SDKROOT; fileEncoding = undefined; lastKnownFileType = wrapper.framework; explicitFileType = undefined; includeInIndex = 0; };
		DD08BE0EDEC3443F81490DBB /* CoreLocation.framework */ = {isa = PBXFileReference; name = "CoreLocation.framework"; path = "System/Library/Frameworks/CoreLocation.framework"; sourceTree = SDKROOT; fileEncoding = undefined; lastKnownFileType = wrapper.framework; explicitFileType = undefined; includeInIndex = 0; };
		634CFA9E8CFE44C58323CEF3 /* AVFoundation.framework */ = {isa = PBXFileReference; name = "AVFoundation.framework"; path = "System/Library/Frameworks/AVFoundation.framework"; sourceTree = SDKROOT; fileEncoding = undefined; lastKnownFileType = wrapper.framework; explicitFileType = undefined; includeInIndex = 0; };
		0B4C0A2C55C24518BAB9C60F /* CDVLogger.m */ = {isa = PBXFileReference; name = "CDVLogger.m"; path = "cordova-plugin-console/CDVLogger.m"; sourceTree = "<group>"; fileEncoding = 4; lastKnownFileType = sourcecode.c.objc; explicitFileType = undefined; includeInIndex = 0; };
		71F30EB1572E4B7988B9C828 /* CDVLogger.h */ = {isa = PBXFileReference; name = "CDVLogger.h"; path = "cordova-plugin-console/CDVLogger.h"; sourceTree = "<group>"; fileEncoding = 4; lastKnownFileType = sourcecode.c.h; explicitFileType = undefined; includeInIndex = 0; };
		17B72ADD474F4B558E355D31 /* CDVContacts.m */ = {isa = PBXFileReference; name = "CDVContacts.m"; path = "cordova-plugin-contacts/CDVContacts.m"; sourceTree = "<group>"; fileEncoding = 4; lastKnownFileType = sourcecode.c.objc; explicitFileType = undefined; includeInIndex = 0; };
		162AF22E9BE5419D915B91A6 /* CDVContact.m */ = {isa = PBXFileReference; name = "CDVContact.m"; path = "cordova-plugin-contacts/CDVContact.m"; sourceTree = "<group>"; fileEncoding = 4; lastKnownFileType = sourcecode.c.objc; explicitFileType = undefined; includeInIndex = 0; };
		041B3B93CEB34E0C9A0AE921 /* CDVContacts.h */ = {isa = PBXFileReference; name = "CDVContacts.h"; path = "cordova-plugin-contacts/CDVContacts.h"; sourceTree = "<group>"; fileEncoding = 4; lastKnownFileType = sourcecode.c.h; explicitFileType = undefined; includeInIndex = 0; };
		84BC18E88B5242789811CCF7 /* CDVContact.h */ = {isa = PBXFileReference; name = "CDVContact.h"; path = "cordova-plugin-contacts/CDVContact.h"; sourceTree = "<group>"; fileEncoding = 4; lastKnownFileType = sourcecode.c.h; explicitFileType = undefined; includeInIndex = 0; };
		93DF924CA3154B908FE3C993 /* AddressBook.framework */ = {isa = PBXFileReference; name = "AddressBook.framework"; path = "System/Library/Frameworks/AddressBook.framework"; sourceTree = SDKROOT; fileEncoding = undefined; lastKnownFileType = wrapper.framework; explicitFileType = undefined; includeInIndex = 0; };
		FA3CD1B1AA92462E8D99F2D2 /* AddressBookUI.framework */ = {isa = PBXFileReference; name = "AddressBookUI.framework"; path = "System/Library/Frameworks/AddressBookUI.framework"; sourceTree = SDKROOT; fileEncoding = undefined; lastKnownFileType = wrapper.framework; explicitFileType = undefined; includeInIndex = 0; };
		157C6FE07AEB4BA1B34A3A37 /* CDVDevice.m */ = {isa = PBXFileReference; name = "CDVDevice.m"; path = "cordova-plugin-device/CDVDevice.m"; sourceTree = "<group>"; fileEncoding = 4; lastKnownFileType = sourcecode.c.objc; explicitFileType = undefined; includeInIndex = 0; };
		A524C4E810BB40898E10D359 /* CDVDevice.h */ = {isa = PBXFileReference; name = "CDVDevice.h"; path = "cordova-plugin-device/CDVDevice.h"; sourceTree = "<group>"; fileEncoding = 4; lastKnownFileType = sourcecode.c.h; explicitFileType = undefined; includeInIndex = 0; };
		BE63E59A43CE4A149A742C04 /* libz.tbd */ = {isa = PBXFileReference; name = "libz.tbd"; path = "usr/lib/libz.tbd"; sourceTree = SDKROOT; fileEncoding = undefined; lastKnownFileType = sourcecode.text-based-dylib-definition; explicitFileType = undefined; includeInIndex = 0; };
		58BD7824304C4C6699EAA550 /* CDVAccelerometer.m */ = {isa = PBXFileReference; name = "CDVAccelerometer.m"; path = "cordova-plugin-device-motion/CDVAccelerometer.m"; sourceTree = "<group>"; fileEncoding = 4; lastKnownFileType = sourcecode.c.objc; explicitFileType = undefined; includeInIndex = 0; };
		84C0E6BE723C4A36ADBA37DE /* CDVAccelerometer.h */ = {isa = PBXFileReference; name = "CDVAccelerometer.h"; path = "cordova-plugin-device-motion/CDVAccelerometer.h"; sourceTree = "<group>"; fileEncoding = 4; lastKnownFileType = sourcecode.c.h; explicitFileType = undefined; includeInIndex = 0; };
		148DA930F4F548DAB0D68A72 /* CoreMotion.framework */ = {isa = PBXFileReference; name = "CoreMotion.framework"; path = "System/Library/Frameworks/CoreMotion.framework"; sourceTree = SDKROOT; fileEncoding = undefined; lastKnownFileType = wrapper.framework; explicitFileType = undefined; includeInIndex = 0; };
		057E613738D649D2BE52283C /* CDVCompass.m */ = {isa = PBXFileReference; name = "CDVCompass.m"; path = "cordova-plugin-device-orientation/CDVCompass.m"; sourceTree = "<group>"; fileEncoding = 4; lastKnownFileType = sourcecode.c.objc; explicitFileType = undefined; includeInIndex = 0; };
		C0BF9F2CA4A848E9834D1C58 /* CDVCompass.h */ = {isa = PBXFileReference; name = "CDVCompass.h"; path = "cordova-plugin-device-orientation/CDVCompass.h"; sourceTree = "<group>"; fileEncoding = 4; lastKnownFileType = sourcecode.c.h; explicitFileType = undefined; includeInIndex = 0; };
		42E457B272F042F3B52E262F /* CDVNotification.m */ = {isa = PBXFileReference; name = "CDVNotification.m"; path = "cordova-plugin-dialogs/CDVNotification.m"; sourceTree = "<group>"; fileEncoding = 4; lastKnownFileType = sourcecode.c.objc; explicitFileType = undefined; includeInIndex = 0; };
		F4CF9954EDBA48D39CF94780 /* CDVNotification.h */ = {isa = PBXFileReference; name = "CDVNotification.h"; path = "cordova-plugin-dialogs/CDVNotification.h"; sourceTree = "<group>"; fileEncoding = 4; lastKnownFileType = sourcecode.c.h; explicitFileType = undefined; includeInIndex = 0; };
		297B5DA7BFD94E0695F85632 /* CDVNotification.bundle */ = {isa = PBXFileReference; name = "CDVNotification.bundle"; path = "CDVNotification.bundle"; sourceTree = "<group>"; fileEncoding = undefined; lastKnownFileType = wrapper.plug-in; explicitFileType = undefined; includeInIndex = 0; };
		FB524FD131F54F88B4D433E5 /* AudioToolbox.framework */ = {isa = PBXFileReference; name = "AudioToolbox.framework"; path = "System/Library/Frameworks/AudioToolbox.framework"; sourceTree = SDKROOT; fileEncoding = undefined; lastKnownFileType = wrapper.framework; explicitFileType = undefined; includeInIndex = 0; };
		848F48C195ED4487A7C22A8E /* CDVFile.m */ = {isa = PBXFileReference; name = "CDVFile.m"; path = "cordova-plugin-file/CDVFile.m"; sourceTree = "<group>"; fileEncoding = 4; lastKnownFileType = sourcecode.c.objc; explicitFileType = undefined; includeInIndex = 0; };
		04AD3B5AB26D4A04996F5E6A /* CDVLocalFilesystem.m */ = {isa = PBXFileReference; name = "CDVLocalFilesystem.m"; path = "cordova-plugin-file/CDVLocalFilesystem.m"; sourceTree = "<group>"; fileEncoding = 4; lastKnownFileType = sourcecode.c.objc; explicitFileType = undefined; includeInIndex = 0; };
		39B7E599ED6E4741B9595752 /* CDVAssetLibraryFilesystem.m */ = {isa = PBXFileReference; name = "CDVAssetLibraryFilesystem.m"; path = "cordova-plugin-file/CDVAssetLibraryFilesystem.m"; sourceTree = "<group>"; fileEncoding = 4; lastKnownFileType = sourcecode.c.objc; explicitFileType = undefined; includeInIndex = 0; };
		D8D8BA48E0FB4E46800FAF42 /* CDVFile.h */ = {isa = PBXFileReference; name = "CDVFile.h"; path = "cordova-plugin-file/CDVFile.h"; sourceTree = "<group>"; fileEncoding = 4; lastKnownFileType = sourcecode.c.h; explicitFileType = undefined; includeInIndex = 0; };
		114F652275C24C3AB3803B9D /* CDVLocalFilesystem.h */ = {isa = PBXFileReference; name = "CDVLocalFilesystem.h"; path = "cordova-plugin-file/CDVLocalFilesystem.h"; sourceTree = "<group>"; fileEncoding = 4; lastKnownFileType = sourcecode.c.h; explicitFileType = undefined; includeInIndex = 0; };
		8A6DC0AFFDE345C2A193ACC1 /* CDVAssetLibraryFilesystem.h */ = {isa = PBXFileReference; name = "CDVAssetLibraryFilesystem.h"; path = "cordova-plugin-file/CDVAssetLibraryFilesystem.h"; sourceTree = "<group>"; fileEncoding = 4; lastKnownFileType = sourcecode.c.h; explicitFileType = undefined; includeInIndex = 0; };
		84D0EA598A4A450AAC5CA697 /* CDVFileTransfer.m */ = {isa = PBXFileReference; name = "CDVFileTransfer.m"; path = "cordova-plugin-file-transfer/CDVFileTransfer.m"; sourceTree = "<group>"; fileEncoding = 4; lastKnownFileType = sourcecode.c.objc; explicitFileType = undefined; includeInIndex = 0; };
		9E0EC98A47AE4A8AB529A482 /* CDVFileTransfer.h */ = {isa = PBXFileReference; name = "CDVFileTransfer.h"; path = "cordova-plugin-file-transfer/CDVFileTransfer.h"; sourceTree = "<group>"; fileEncoding = 4; lastKnownFileType = sourcecode.c.h; explicitFileType = undefined; includeInIndex = 0; };
		B02D6712EF9D448289ED1E3E /* CDVLocation.m */ = {isa = PBXFileReference; name = "CDVLocation.m"; path = "cordova-plugin-geolocation/CDVLocation.m"; sourceTree = "<group>"; fileEncoding = 4; lastKnownFileType = sourcecode.c.objc; explicitFileType = undefined; includeInIndex = 0; };
		5FEF0BCB08C6466892EA5749 /* CDVLocation.h */ = {isa = PBXFileReference; name = "CDVLocation.h"; path = "cordova-plugin-geolocation/CDVLocation.h"; sourceTree = "<group>"; fileEncoding = 4; lastKnownFileType = sourcecode.c.h; explicitFileType = undefined; includeInIndex = 0; };
		4CCAA44F51B8497092EE73C3 /* CDVGlobalization.m */ = {isa = PBXFileReference; name = "CDVGlobalization.m"; path = "cordova-plugin-globalization/CDVGlobalization.m"; sourceTree = "<group>"; fileEncoding = 4; lastKnownFileType = sourcecode.c.objc; explicitFileType = undefined; includeInIndex = 0; };
		23AA8A0C9D414CF983E69D96 /* CDVGlobalization.h */ = {isa = PBXFileReference; name = "CDVGlobalization.h"; path = "cordova-plugin-globalization/CDVGlobalization.h"; sourceTree = "<group>"; fileEncoding = 4; lastKnownFileType = sourcecode.c.h; explicitFileType = undefined; includeInIndex = 0; };
		3846E16099F5462AA94CA03A /* CDVInAppBrowser.m */ = {isa = PBXFileReference; name = "CDVInAppBrowser.m"; path = "cordova-plugin-inappbrowser/CDVInAppBrowser.m"; sourceTree = "<group>"; fileEncoding = 4; lastKnownFileType = sourcecode.c.objc; explicitFileType = undefined; includeInIndex = 0; };
		87F63E39C2694A0FBE4661F4 /* CDVInAppBrowser.h */ = {isa = PBXFileReference; name = "CDVInAppBrowser.h"; path = "cordova-plugin-inappbrowser/CDVInAppBrowser.h"; sourceTree = "<group>"; fileEncoding = 4; lastKnownFileType = sourcecode.c.h; explicitFileType = undefined; includeInIndex = 0; };
		AEF25CAADEC24DF8ACFCAF9A /* CDVSound.m */ = {isa = PBXFileReference; name = "CDVSound.m"; path = "cordova-plugin-media/CDVSound.m"; sourceTree = "<group>"; fileEncoding = 4; lastKnownFileType = sourcecode.c.objc; explicitFileType = undefined; includeInIndex = 0; };
		D324F619B1614F07ABA5EC1C /* CDVSound.h */ = {isa = PBXFileReference; name = "CDVSound.h"; path = "cordova-plugin-media/CDVSound.h"; sourceTree = "<group>"; fileEncoding = 4; lastKnownFileType = sourcecode.c.h; explicitFileType = undefined; includeInIndex = 0; };
		786DA36FE47546EA8BDA61A2 /* CDVCapture.m */ = {isa = PBXFileReference; name = "CDVCapture.m"; path = "cordova-plugin-media-capture/CDVCapture.m"; sourceTree = "<group>"; fileEncoding = 4; lastKnownFileType = sourcecode.c.objc; explicitFileType = undefined; includeInIndex = 0; };
		FBF9956F488348DD892827A9 /* CDVCapture.h */ = {isa = PBXFileReference; name = "CDVCapture.h"; path = "cordova-plugin-media-capture/CDVCapture.h"; sourceTree = "<group>"; fileEncoding = 4; lastKnownFileType = sourcecode.c.h; explicitFileType = undefined; includeInIndex = 0; };
		D0FEB591D62C442696D836D4 /* CDVCapture.bundle */ = {isa = PBXFileReference; name = "CDVCapture.bundle"; path = "CDVCapture.bundle"; sourceTree = "<group>"; fileEncoding = undefined; lastKnownFileType = wrapper.plug-in; explicitFileType = undefined; includeInIndex = 0; };
		71531B57A81F47B39C17A781 /* CDVConnection.m */ = {isa = PBXFileReference; name = "CDVConnection.m"; path = "cordova-plugin-network-information/CDVConnection.m"; sourceTree = "<group>"; fileEncoding = 4; lastKnownFileType = sourcecode.c.objc; explicitFileType = undefined; includeInIndex = 0; };
		7E5D4072122B4E4094888C78 /* CDVReachability.m */ = {isa = PBXFileReference; name = "CDVReachability.m"; path = "cordova-plugin-network-information/CDVReachability.m"; sourceTree = "<group>"; fileEncoding = 4; lastKnownFileType = sourcecode.c.objc; explicitFileType = undefined; includeInIndex = 0; };
		8F23BB76F57A42DF8F1CB7E9 /* CDVConnection.h */ = {isa = PBXFileReference; name = "CDVConnection.h"; path = "cordova-plugin-network-information/CDVConnection.h"; sourceTree = "<group>"; fileEncoding = 4; lastKnownFileType = sourcecode.c.h; explicitFileType = undefined; includeInIndex = 0; };
		369E005BC4AD4976BAA54FF2 /* CDVReachability.h */ = {isa = PBXFileReference; name = "CDVReachability.h"; path = "cordova-plugin-network-information/CDVReachability.h"; sourceTree = "<group>"; fileEncoding = 4; lastKnownFileType = sourcecode.c.h; explicitFileType = undefined; includeInIndex = 0; };
		CE44AB45DA9A4D719E0AC6C5 /* SystemConfiguration.framework */ = {isa = PBXFileReference; name = "SystemConfiguration.framework"; path = "System/Library/Frameworks/SystemConfiguration.framework"; sourceTree = SDKROOT; fileEncoding = undefined; lastKnownFileType = wrapper.framework; explicitFileType = undefined; includeInIndex = 0; };
		D4BC08836428473D9ACF3C96 /* CoreTelephony.framework */ = {isa = PBXFileReference; name = "CoreTelephony.framework"; path = "System/Library/Frameworks/CoreTelephony.framework"; sourceTree = SDKROOT; fileEncoding = undefined; lastKnownFileType = wrapper.framework; explicitFileType = undefined; includeInIndex = 0; };
		A209A11299F84A5DA017C6C5 /* CDVSplashScreen.m */ = {isa = PBXFileReference; name = "CDVSplashScreen.m"; path = "cordova-plugin-splashscreen/CDVSplashScreen.m"; sourceTree = "<group>"; fileEncoding = 4; lastKnownFileType = sourcecode.c.objc; explicitFileType = undefined; includeInIndex = 0; };
		35D6F19C3F864A75A3A7C788 /* CDVViewController+SplashScreen.m */ = {isa = PBXFileReference; name = "CDVViewController+SplashScreen.m"; path = "cordova-plugin-splashscreen/CDVViewController+SplashScreen.m"; sourceTree = "<group>"; fileEncoding = 4; lastKnownFileType = sourcecode.c.objc; explicitFileType = undefined; includeInIndex = 0; };
		8D75F2510DBE4EAEB42E4781 /* CDVSplashScreen.h */ = {isa = PBXFileReference; name = "CDVSplashScreen.h"; path = "cordova-plugin-splashscreen/CDVSplashScreen.h"; sourceTree = "<group>"; fileEncoding = 4; lastKnownFileType = sourcecode.c.h; explicitFileType = undefined; includeInIndex = 0; };
		FF4B5751C7B74A21838B748D /* CDVViewController+SplashScreen.h */ = {isa = PBXFileReference; name = "CDVViewController+SplashScreen.h"; path = "cordova-plugin-splashscreen/CDVViewController+SplashScreen.h"; sourceTree = "<group>"; fileEncoding = 4; lastKnownFileType = sourcecode.c.h; explicitFileType = undefined; includeInIndex = 0; };
		BD2C44571024448284E24CB2 /* CDVStatusBar.m */ = {isa = PBXFileReference; name = "CDVStatusBar.m"; path = "cordova-plugin-statusbar/CDVStatusBar.m"; sourceTree = "<group>"; fileEncoding = 4; lastKnownFileType = sourcecode.c.objc; explicitFileType = undefined; includeInIndex = 0; };
		702BB76FCD4F4D6783F5185E /* CDVStatusBar.h */ = {isa = PBXFileReference; name = "CDVStatusBar.h"; path = "cordova-plugin-statusbar/CDVStatusBar.h"; sourceTree = "<group>"; fileEncoding = 4; lastKnownFileType = sourcecode.c.h; explicitFileType = undefined; includeInIndex = 0; };
		48E0338FC1864852BC2B0A1C /* CDVVibration.m */ = {isa = PBXFileReference; name = "CDVVibration.m"; path = "cordova-plugin-vibration/CDVVibration.m"; sourceTree = "<group>"; fileEncoding = 4; lastKnownFileType = sourcecode.c.objc; explicitFileType = undefined; includeInIndex = 0; };
		29B0C553286A496395EBB488 /* CDVVibration.h */ = {isa = PBXFileReference; name = "CDVVibration.h"; path = "cordova-plugin-vibration/CDVVibration.h"; sourceTree = "<group>"; fileEncoding = 4; lastKnownFileType = sourcecode.c.h; explicitFileType = undefined; includeInIndex = 0; };
/* End PBXFileReference section */

/* Begin PBXFrameworksBuildPhase section */
		1D60588F0D05DD3D006BFB54 /* Frameworks */ = {
			isa = PBXFrameworksBuildPhase;
			buildActionMask = 2147483647;
			files = (
				301BF552109A68D80062928A /* libCordova.a in Frameworks */,
				75328439DA6D4A0AAA9D7515 /* ImageIO.framework in Frameworks */,
				4A7363E7DFE342B6AD2B4271 /* CoreLocation.framework in Frameworks */,
				7B56B86F889C47FAA0765932 /* AVFoundation.framework in Frameworks */,
				B3CD2D14566B4F559C8ACF96 /* AddressBook.framework in Frameworks */,
				52664E8A28414608BD37D3B0 /* AddressBookUI.framework in Frameworks */,
				6DD381F70D294DAD9A7EF49E /* libz.tbd in Frameworks */,
				5C4CC1D4232F44218C3B6208 /* CoreMotion.framework in Frameworks */,
				65CDB696DB724D3F882D6359 /* AudioToolbox.framework in Frameworks */,
				041A2719B2F040C5B65386E1 /* SystemConfiguration.framework in Frameworks */,
				8C4D25A2EE004199B61D7A95 /* CoreTelephony.framework in Frameworks */,
			);
			runOnlyForDeploymentPostprocessing = 0;
		};
/* End PBXFrameworksBuildPhase section */

/* Begin PBXGroup section */
		080E96DDFE201D6D7F000001 /* Classes */ = {
			isa = PBXGroup;
			children = (
				302D95EE14D2391D003F00A1 /* MainViewController.h */,
				302D95EF14D2391D003F00A1 /* MainViewController.m */,
				302D95F014D2391D003F00A1 /* MainViewController.xib */,
				1D3623240D0F684500981E51 /* AppDelegate.h */,
				1D3623250D0F684500981E51 /* AppDelegate.m */,
			);
			name = Classes;
			path = "hush/Classes";
			sourceTree = SOURCE_ROOT;
		};
		19C28FACFE9D520D11CA2CBB /* Products */ = {
			isa = PBXGroup;
			children = (
				1D6058910D05DD3D006BFB54 /* hush.app */,
			);
			name = Products;
			sourceTree = "<group>";
		};
		29B97314FDCFA39411CA2CEA /* CustomTemplate */ = {
			isa = PBXGroup;
			children = (
				EB87FDF41871DAF40020F90C /* config.xml */,
				EB87FDF31871DA8E0020F90C /* www */,
				EB87FDF11871DA420020F90C /* Staging */,
				301BF52D109A57CC0062928A /* CordovaLib.xcodeproj */,
				080E96DDFE201D6D7F000001 /* Classes */,
				307C750510C5A3420062BCA9 /* Plugins */,
				29B97315FDCFA39411CA2CEA /* Other Sources */,
				29B97317FDCFA39411CA2CEA /* Resources */,
				29B97323FDCFA39411CA2CEA /* Frameworks */,
				19C28FACFE9D520D11CA2CBB /* Products */,
			);
			name = CustomTemplate;
			sourceTree = "<group>";
		};
		29B97315FDCFA39411CA2CEA /* Other Sources */ = {
			isa = PBXGroup;
			children = (
				32CA4F630368D1EE00C91783 /* hush-Prefix.pch */,
				29B97316FDCFA39411CA2CEA /* main.m */,
				ED33DF2A687741AEAF9F8254 /* Bridging-Header.h */,
			);
			name = "Other Sources";
			path = "hush";
			sourceTree = "<group>";
		};
		29B97317FDCFA39411CA2CEA /* Resources */ = {
			isa = PBXGroup;
			children = (
				0207DA571B56EA530066E2B4 /* Images.xcassets */,
				3047A50E1AB8057F00498E2A /* config */,
				8D1107310486CEB800E47090 /* hush-Info.plist */,
				6AFF5BF81D6E424B00AB3073 /* CDVLaunchScreen.storyboard */,
				297B5DA7BFD94E0695F85632 /* CDVNotification.bundle */,
				D0FEB591D62C442696D836D4 /* CDVCapture.bundle */,
			);
			name = Resources;
			path = "hush/Resources";
			sourceTree = "<group>";
		};
		29B97323FDCFA39411CA2CEA /* Frameworks */ = {
			isa = PBXGroup;
			children = (
				10FFAA2D5E4E45458D149D17 /* ImageIO.framework */,
				DD08BE0EDEC3443F81490DBB /* CoreLocation.framework */,
				634CFA9E8CFE44C58323CEF3 /* AVFoundation.framework */,
				93DF924CA3154B908FE3C993 /* AddressBook.framework */,
				FA3CD1B1AA92462E8D99F2D2 /* AddressBookUI.framework */,
				BE63E59A43CE4A149A742C04 /* libz.tbd */,
				148DA930F4F548DAB0D68A72 /* CoreMotion.framework */,
				FB524FD131F54F88B4D433E5 /* AudioToolbox.framework */,
				CE44AB45DA9A4D719E0AC6C5 /* SystemConfiguration.framework */,
				D4BC08836428473D9ACF3C96 /* CoreTelephony.framework */,
			);
			name = Frameworks;
			sourceTree = "<group>";
		};
		301BF52E109A57CC0062928A /* Products */ = {
			isa = PBXGroup;
			children = (
				301BF535109A57CC0062928A /* libCordova.a */,
			);
			name = Products;
			sourceTree = "<group>";
		};
		3047A50E1AB8057F00498E2A /* config */ = {
			isa = PBXGroup;
			children = (
				3047A50F1AB8059700498E2A /* build-debug.xcconfig */,
				3047A5101AB8059700498E2A /* build-release.xcconfig */,
				3047A5111AB8059700498E2A /* build.xcconfig */,
			);
			name = config;
			sourceTree = "<group>";
		};
		307C750510C5A3420062BCA9 /* Plugins */ = {
			isa = PBXGroup;
			children = (
				E66A33894ED54762B1C6622E /* CDVBattery.m */,
				678807580BF24BE7A9C2B8E0 /* CDVBattery.h */,
				E9E86411EF5B427C8716F8E0 /* UIImage+CropScaleOrientation.m */,
				5D43BC41E83945AD8212CBDB /* CDVCamera.m */,
				E77CC17AED90488B9E5A743B /* CDVJpegHeaderWriter.m */,
				CA764F5490404675861673D7 /* UIImage+CropScaleOrientation.h */,
				E431D2F0F6554A729524EDC4 /* CDVCamera.h */,
				ED95A3D199C34A1F82BFB86A /* CDVJpegHeaderWriter.h */,
				3325BA24364F4EDB97F846C4 /* CDVExif.h */,
				0B4C0A2C55C24518BAB9C60F /* CDVLogger.m */,
				71F30EB1572E4B7988B9C828 /* CDVLogger.h */,
				17B72ADD474F4B558E355D31 /* CDVContacts.m */,
				162AF22E9BE5419D915B91A6 /* CDVContact.m */,
				041B3B93CEB34E0C9A0AE921 /* CDVContacts.h */,
				84BC18E88B5242789811CCF7 /* CDVContact.h */,
				157C6FE07AEB4BA1B34A3A37 /* CDVDevice.m */,
				A524C4E810BB40898E10D359 /* CDVDevice.h */,
				58BD7824304C4C6699EAA550 /* CDVAccelerometer.m */,
				84C0E6BE723C4A36ADBA37DE /* CDVAccelerometer.h */,
				057E613738D649D2BE52283C /* CDVCompass.m */,
				C0BF9F2CA4A848E9834D1C58 /* CDVCompass.h */,
				42E457B272F042F3B52E262F /* CDVNotification.m */,
				F4CF9954EDBA48D39CF94780 /* CDVNotification.h */,
				848F48C195ED4487A7C22A8E /* CDVFile.m */,
				04AD3B5AB26D4A04996F5E6A /* CDVLocalFilesystem.m */,
				39B7E599ED6E4741B9595752 /* CDVAssetLibraryFilesystem.m */,
				D8D8BA48E0FB4E46800FAF42 /* CDVFile.h */,
				114F652275C24C3AB3803B9D /* CDVLocalFilesystem.h */,
				8A6DC0AFFDE345C2A193ACC1 /* CDVAssetLibraryFilesystem.h */,
				84D0EA598A4A450AAC5CA697 /* CDVFileTransfer.m */,
				9E0EC98A47AE4A8AB529A482 /* CDVFileTransfer.h */,
				B02D6712EF9D448289ED1E3E /* CDVLocation.m */,
				5FEF0BCB08C6466892EA5749 /* CDVLocation.h */,
				4CCAA44F51B8497092EE73C3 /* CDVGlobalization.m */,
				23AA8A0C9D414CF983E69D96 /* CDVGlobalization.h */,
				3846E16099F5462AA94CA03A /* CDVInAppBrowser.m */,
				87F63E39C2694A0FBE4661F4 /* CDVInAppBrowser.h */,
				AEF25CAADEC24DF8ACFCAF9A /* CDVSound.m */,
				D324F619B1614F07ABA5EC1C /* CDVSound.h */,
				786DA36FE47546EA8BDA61A2 /* CDVCapture.m */,
				FBF9956F488348DD892827A9 /* CDVCapture.h */,
				71531B57A81F47B39C17A781 /* CDVConnection.m */,
				7E5D4072122B4E4094888C78 /* CDVReachability.m */,
				8F23BB76F57A42DF8F1CB7E9 /* CDVConnection.h */,
				369E005BC4AD4976BAA54FF2 /* CDVReachability.h */,
				A209A11299F84A5DA017C6C5 /* CDVSplashScreen.m */,
				35D6F19C3F864A75A3A7C788 /* CDVViewController+SplashScreen.m */,
				8D75F2510DBE4EAEB42E4781 /* CDVSplashScreen.h */,
				FF4B5751C7B74A21838B748D /* CDVViewController+SplashScreen.h */,
				BD2C44571024448284E24CB2 /* CDVStatusBar.m */,
				702BB76FCD4F4D6783F5185E /* CDVStatusBar.h */,
				48E0338FC1864852BC2B0A1C /* CDVVibration.m */,
				29B0C553286A496395EBB488 /* CDVVibration.h */,
			);
			name = Plugins;
			path = "hush/Plugins";
			sourceTree = SOURCE_ROOT;
		};
		EB87FDF11871DA420020F90C /* Staging */ = {
			isa = PBXGroup;
			children = (
				F840E1F0165FE0F500CFE078 /* config.xml */,
				301BF56E109A69640062928A /* www */,
			);
			name = Staging;
			sourceTree = "<group>";
		};
/* End PBXGroup section */

/* Begin PBXNativeTarget section */
		1D6058900D05DD3D006BFB54 /* hush */ = {
			isa = PBXNativeTarget;
			buildConfigurationList = 1D6058960D05DD3E006BFB54 /* Build configuration list for PBXNativeTarget "hush" */;
			buildPhases = (
				304B58A110DAC018002A0835 /* Copy www directory */,
				1D60588D0D05DD3D006BFB54 /* Resources */,
				1D60588E0D05DD3D006BFB54 /* Sources */,
				1D60588F0D05DD3D006BFB54 /* Frameworks */,
			);
			buildRules = (
			);
			dependencies = (
				301BF551109A68C00062928A /* PBXTargetDependency */,
			);
			name = "hush";
			productName = "hush";
			productReference = 1D6058910D05DD3D006BFB54 /* hush.app */;
			productType = "com.apple.product-type.application";
		};
/* End PBXNativeTarget section */

/* Begin PBXProject section */
		29B97313FDCFA39411CA2CEA /* Project object */ = {
			isa = PBXProject;
			attributes = {
				LastUpgradeCheck = 510;
			};
			buildConfigurationList = C01FCF4E08A954540054247B /* Build configuration list for PBXProject "__NON-CLI__" */;
			compatibilityVersion = "Xcode 3.2";
			developmentRegion = English;
			hasScannedForEncodings = 1;
			mainGroup = 29B97314FDCFA39411CA2CEA /* CustomTemplate */;
			projectDirPath = "";
			projectReferences = (
				{
					ProductGroup = 301BF52E109A57CC0062928A /* Products */;
					ProjectRef = 301BF52D109A57CC0062928A /* CordovaLib.xcodeproj */;
				},
			);
			projectRoot = "";
			targets = (
				1D6058900D05DD3D006BFB54 /* hush */,
			);
		};
/* End PBXProject section */

/* Begin PBXReferenceProxy section */
		301BF535109A57CC0062928A /* libCordova.a */ = {
			isa = PBXReferenceProxy;
			fileType = archive.ar;
			path = libCordova.a;
			remoteRef = 301BF534109A57CC0062928A /* PBXContainerItemProxy */;
			sourceTree = BUILT_PRODUCTS_DIR;
		};
/* End PBXReferenceProxy section */

/* Begin PBXResourcesBuildPhase section */
		1D60588D0D05DD3D006BFB54 /* Resources */ = {
			isa = PBXResourcesBuildPhase;
			buildActionMask = 2147483647;
			files = (
				302D95F214D2391D003F00A1 /* MainViewController.xib in Resources */,
				0207DA581B56EA530066E2B4 /* Images.xcassets in Resources */,
				6AFF5BF91D6E424B00AB3073 /* CDVLaunchScreen.storyboard in Resources */,
				6BDDB3C6F0954C969A64C09A /* CDVNotification.bundle in Resources */,
				DBC90B5B358547EDA84B34AC /* CDVCapture.bundle in Resources */,
			);
			runOnlyForDeploymentPostprocessing = 0;
		};
/* End PBXResourcesBuildPhase section */

/* Begin PBXShellScriptBuildPhase section */
		304B58A110DAC018002A0835 /* Copy www directory */ = {
			isa = PBXShellScriptBuildPhase;
			buildActionMask = 2147483647;
			files = (
			);
			inputPaths = (
			);
			name = "Copy www directory";
			outputPaths = (
			);
			runOnlyForDeploymentPostprocessing = 0;
			shellPath = /bin/sh;
			shellScript = "NODEJS_PATH=/usr/local/bin; NVM_NODE_PATH=~/.nvm/versions/node/`nvm version 2>/dev/null`/bin; N_NODE_PATH=`find /usr/local/n/versions/node/* -maxdepth 0 -type d 2>/dev/null | tail -1`/bin; XCODE_NODE_PATH=`xcode-select --print-path`/usr/share/xcs/Node/bin; PATH=$NODEJS_PATH:$NVM_NODE_PATH:$N_NODE_PATH:$XCODE_NODE_PATH:$PATH && node cordova/lib/copy-www-build-step.js";
			showEnvVarsInLog = 0;
		};
/* End PBXShellScriptBuildPhase section */

/* Begin PBXSourcesBuildPhase section */
		1D60588E0D05DD3D006BFB54 /* Sources */ = {
			isa = PBXSourcesBuildPhase;
			buildActionMask = 2147483647;
			files = (
				1D60589B0D05DD56006BFB54 /* main.m in Sources */,
				1D3623260D0F684500981E51 /* AppDelegate.m in Sources */,
				302D95F114D2391D003F00A1 /* MainViewController.m in Sources */,
				56729F28F34A495D8BB372AF /* CDVBattery.m in Sources */,
				D5CF8070B97F44699C5252F0 /* UIImage+CropScaleOrientation.m in Sources */,
				45C245BEE6914FB49D55B476 /* CDVCamera.m in Sources */,
				AF0BF475078D4BA9A0E26D4E /* CDVJpegHeaderWriter.m in Sources */,
				539B6D9C37BD48F5AFE856FF /* CDVLogger.m in Sources */,
				CABDAD0D68BE4D3C8C9345C2 /* CDVContacts.m in Sources */,
				500A8767E8B842E48265031D /* CDVContact.m in Sources */,
				8E8A0B4D3A14461A96F7E6F9 /* CDVDevice.m in Sources */,
				CB0EB41272274E028FE7C3F3 /* CDVAccelerometer.m in Sources */,
				192BECF31649460C943E4D0E /* CDVCompass.m in Sources */,
				0498EA9B39264942980CC7FA /* CDVNotification.m in Sources */,
				6CA0A28C3A444CD798A16870 /* CDVFile.m in Sources */,
				F2100F095EC540D387EE31D4 /* CDVLocalFilesystem.m in Sources */,
				229D1DF26C4243B8BEC23CF8 /* CDVAssetLibraryFilesystem.m in Sources */,
				7D7465A9CC06472B998F504D /* CDVFileTransfer.m in Sources */,
				81BB7A899B424DF5B139900A /* CDVLocation.m in Sources */,
				AD23E9F452334AFDA2E0F9C2 /* CDVGlobalization.m in Sources */,
				47CB344E1BFA4D8C9242D6C3 /* CDVInAppBrowser.m in Sources */,
				7483E3A554ED49FEBD7FBC10 /* CDVSound.m in Sources */,
				A824C737B0CA4C06A9EFA6D2 /* CDVCapture.m in Sources */,
				B87310ADF18A4D3480B9EFB2 /* CDVConnection.m in Sources */,
				6D402ED2B04D4BA89120951C /* CDVReachability.m in Sources */,
				6338CA43A149425788D59C83 /* CDVSplashScreen.m in Sources */,
				99A16CA72B6B47F381562455 /* CDVViewController+SplashScreen.m in Sources */,
				7DD8A9F133E04B749A76A1DB /* CDVStatusBar.m in Sources */,
				EB172C17DDFB4848A8800F0C /* CDVVibration.m in Sources */,
			);
			runOnlyForDeploymentPostprocessing = 0;
		};
/* End PBXSourcesBuildPhase section */

/* Begin PBXTargetDependency section */
		301BF551109A68C00062928A /* PBXTargetDependency */ = {
			isa = PBXTargetDependency;
			name = CordovaLib;
			targetProxy = 301BF550109A68C00062928A /* PBXContainerItemProxy */;
		};
/* End PBXTargetDependency section */

/* Begin XCBuildConfiguration section */
		1D6058940D05DD3E006BFB54 /* Debug */ = {
			isa = XCBuildConfiguration;
			baseConfigurationReference = 3047A50F1AB8059700498E2A /* build-debug.xcconfig */;
			buildSettings = {
				ALWAYS_SEARCH_USER_PATHS = NO;
				ASSETCATALOG_COMPILER_APPICON_NAME = AppIcon;
				ASSETCATALOG_COMPILER_LAUNCHIMAGE_NAME = LaunchImage;
				CLANG_ENABLE_MODULES = YES;
				CLANG_ENABLE_OBJC_ARC = YES;
				COPY_PHASE_STRIP = NO;
				GCC_DYNAMIC_NO_PIC = NO;
				GCC_OPTIMIZATION_LEVEL = 0;
				GCC_PRECOMPILE_PREFIX_HEADER = YES;
				GCC_PREFIX_HEADER = "hush/hush-Prefix.pch";
				GCC_THUMB_SUPPORT = NO;
				GCC_VERSION = "";
				INFOPLIST_FILE = "hush/hush-Info.plist";
				IPHONEOS_DEPLOYMENT_TARGET = 9.0;
				LD_RUNPATH_SEARCH_PATHS = "@executable_path/Frameworks";
				TARGETED_DEVICE_FAMILY = "1,2";
				PRODUCT_NAME = "hush";
			};
			name = Debug;
		};
		1D6058950D05DD3E006BFB54 /* Release */ = {
			isa = XCBuildConfiguration;
			baseConfigurationReference = 3047A5101AB8059700498E2A /* build-release.xcconfig */;
			buildSettings = {
				ALWAYS_SEARCH_USER_PATHS = NO;
				ASSETCATALOG_COMPILER_APPICON_NAME = AppIcon;
				ASSETCATALOG_COMPILER_LAUNCHIMAGE_NAME = LaunchImage;
				CLANG_ENABLE_MODULES = YES;
				CLANG_ENABLE_OBJC_ARC = YES;
				COPY_PHASE_STRIP = YES;
				GCC_PRECOMPILE_PREFIX_HEADER = YES;
				GCC_PREFIX_HEADER = "hush/hush-Prefix.pch";
				GCC_THUMB_SUPPORT = NO;
				GCC_VERSION = "";
				INFOPLIST_FILE = "hush/hush-Info.plist";
				IPHONEOS_DEPLOYMENT_TARGET = 9.0;
				LD_RUNPATH_SEARCH_PATHS = "@executable_path/Frameworks";
				TARGETED_DEVICE_FAMILY = "1,2";
				PRODUCT_NAME = "hush";
			};
			name = Release;
		};
		C01FCF4F08A954540054247B /* Debug */ = {
			isa = XCBuildConfiguration;
			baseConfigurationReference = 3047A5111AB8059700498E2A /* build.xcconfig */;
			buildSettings = {
				CLANG_ENABLE_MODULES = YES;
				CLANG_ENABLE_OBJC_ARC = YES;
				CLANG_WARN_BOOL_CONVERSION = YES;
				CLANG_WARN_CONSTANT_CONVERSION = YES;
				CLANG_WARN_EMPTY_BODY = YES;
				CLANG_WARN_ENUM_CONVERSION = YES;
				CLANG_WARN_INT_CONVERSION = YES;
				CLANG_WARN__DUPLICATE_METHOD_MATCH = YES;
				GCC_C_LANGUAGE_STANDARD = c99;
				GCC_THUMB_SUPPORT = NO;
				GCC_VERSION = "";
				GCC_WARN_ABOUT_RETURN_TYPE = YES;
				GCC_WARN_UNDECLARED_SELECTOR = YES;
				GCC_WARN_UNINITIALIZED_AUTOS = YES;
				GCC_WARN_UNUSED_FUNCTION = YES;
				GCC_WARN_UNUSED_VARIABLE = YES;
				ONLY_ACTIVE_ARCH = YES;
				SDKROOT = iphoneos;
				SKIP_INSTALL = NO;
				ASSETCATALOG_COMPILER_LAUNCHIMAGE_NAME = LaunchImage;
			};
			name = Debug;
		};
		C01FCF5008A954540054247B /* Release */ = {
			isa = XCBuildConfiguration;
			baseConfigurationReference = 3047A5111AB8059700498E2A /* build.xcconfig */;
			buildSettings = {
				CLANG_ENABLE_MODULES = YES;
				CLANG_ENABLE_OBJC_ARC = YES;
				CLANG_WARN_BOOL_CONVERSION = YES;
				CLANG_WARN_CONSTANT_CONVERSION = YES;
				CLANG_WARN_EMPTY_BODY = YES;
				CLANG_WARN_ENUM_CONVERSION = YES;
				CLANG_WARN_INT_CONVERSION = YES;
				CLANG_WARN__DUPLICATE_METHOD_MATCH = YES;
				GCC_C_LANGUAGE_STANDARD = c99;
				GCC_THUMB_SUPPORT = NO;
				GCC_VERSION = "";
				GCC_WARN_ABOUT_RETURN_TYPE = YES;
				GCC_WARN_UNDECLARED_SELECTOR = YES;
				GCC_WARN_UNINITIALIZED_AUTOS = YES;
				GCC_WARN_UNUSED_FUNCTION = YES;
				GCC_WARN_UNUSED_VARIABLE = YES;
				SDKROOT = iphoneos;
				SKIP_INSTALL = NO;
				ASSETCATALOG_COMPILER_LAUNCHIMAGE_NAME = LaunchImage;
			};
			name = Release;
		};
/* End XCBuildConfiguration section */

/* Begin XCConfigurationList section */
		1D6058960D05DD3E006BFB54 /* Build configuration list for PBXNativeTarget "hush" */ = {
			isa = XCConfigurationList;
			buildConfigurations = (
				1D6058940D05DD3E006BFB54 /* Debug */,
				1D6058950D05DD3E006BFB54 /* Release */,
			);
			defaultConfigurationIsVisible = 0;
			defaultConfigurationName = Release;
		};
		C01FCF4E08A954540054247B /* Build configuration list for PBXProject "__NON-CLI__" */ = {
			isa = XCConfigurationList;
			buildConfigurations = (
				C01FCF4F08A954540054247B /* Debug */,
				C01FCF5008A954540054247B /* Release */,
			);
			defaultConfigurationIsVisible = 0;
			defaultConfigurationName = Release;
		};
/* End XCConfigurationList section */
	};
	rootObject = 29B97313FDCFA39411CA2CEA /* Project object */;
}
